
Microsoft Visual Studio Solution File, Format Version 11.00
# Visual Studio 2010
Project("{FAE04EC0-301F-11D3-BF4B-00C04F79EFBC}") = "Surveyweb", "Surveyweb\Surveyweb.csproj", "{B470000F-2EEE-4BB8-9134-B88D6BD00F5A}"
EndProject
Global
	GlobalSection(SolutionConfigurationPlatforms) = preSolution
		Debug|Any CPU = Debug|Any CPU
		Release|Any CPU = Release|Any CPU
	EndGlobalSection
	GlobalSection(ProjectConfigurationPlatforms) = postSolution
		{B470000F-2EEE-4BB8-9134-B88D6BD00F5A}.Debug|Any CPU.ActiveCfg = Debug|Any CPU
		{B470000F-2EEE-4BB8-9134-B88D6BD00F5A}.Debug|Any CPU.Build.0 = Debug|Any CPU
		{B470000F-2EEE-4BB8-9134-B88D6BD00F5A}.Release|Any CPU.ActiveCfg = Release|Any CPU
		{B470000F-2EEE-4BB8-9134-B88D6BD00F5A}.Release|Any CPU.Build.0 = Release|Any CPU
	EndGlobalSection
	GlobalSection(SolutionProperties) = preSolution
		HideSolutionNode = FALSE
	EndGlobalSection
EndGlobal
